// !$*UTF8*$!
{
	archiveVersion = 1;
	classes = {
	};
	objectVersion = 56;
	objects = {

/* Begin PBXBuildFile section */
		CC2B727A2A34D1E90061FEA2 /* AppDelegate.swift in Sources */ = {isa = PBXBuildFile; fileRef = CC2B72792A34D1E90061FEA2 /* AppDelegate.swift */; };
		CC2B727E2A34D1E90061FEA2 /* ViewController.swift in Sources */ = {isa = PBXBuildFile; fileRef = CC2B727D2A34D1E90061FEA2 /* ViewController.swift */; };
		CC2B72812A34D1E90061FEA2 /* Main.storyboard in Resources */ = {isa = PBXBuildFile; fileRef = CC2B727F2A34D1E90061FEA2 /* Main.storyboard */; };
		CC2B72832A34D1EB0061FEA2 /* Assets.xcassets in Resources */ = {isa = PBXBuildFile; fileRef = CC2B72822A34D1EB0061FEA2 /* Assets.xcassets */; };
		CC2B72862A34D1EB0061FEA2 /* LaunchScreen.storyboard in Resources */ = {isa = PBXBuildFile; fileRef = CC2B72842A34D1EB0061FEA2 /* LaunchScreen.storyboard */; };
		CC7217EE2A34EA6300CB3CEE /* SettingVC.swift in Sources */ = {isa = PBXBuildFile; fileRef = CC7217ED2A34EA6300CB3CEE /* SettingVC.swift */; };
		CC7217F02A34EA6B00CB3CEE /* AboutVC.swift in Sources */ = {isa = PBXBuildFile; fileRef = CC7217EF2A34EA6B00CB3CEE /* AboutVC.swift */; };
		CC7217F22A34EA9800CB3CEE /* MyDevice.swift in Sources */ = {isa = PBXBuildFile; fileRef = CC7217F12A34EA9800CB3CEE /* MyDevice.swift */; };
		CC7217F42A34EAA300CB3CEE /* Extension.swift in Sources */ = {isa = PBXBuildFile; fileRef = CC7217F32A34EAA300CB3CEE /* Extension.swift */; };
		CC88C9EE2A34D3A900A20C72 /* Model.swift in Sources */ = {isa = PBXBuildFile; fileRef = CC88C9ED2A34D3A900A20C72 /* Model.swift */; };
		CC88C9F12A34DA8E00A20C72 /* DataTblCell.swift in Sources */ = {isa = PBXBuildFile; fileRef = CC88C9F02A34DA8E00A20C72 /* DataTblCell.swift */; };
		CC88C9F32A34DC7C00A20C72 /* WordDetailsVC.swift in Sources */ = {isa = PBXBuildFile; fileRef = CC88C9F22A34DC7C00A20C72 /* WordDetailsVC.swift */; };
		CC88C9F52A34E2A300A20C72 /* OnboardingVC.swift in Sources */ = {isa = PBXBuildFile; fileRef = CC88C9F42A34E2A300A20C72 /* OnboardingVC.swift */; };
		CCF759472A34D2F900155F86 /* dicts.json in Resources */ = {isa = PBXBuildFile; fileRef = CCF759462A34D2F900155F86 /* dicts.json */; };
/* End PBXBuildFile section */

/* Begin PBXFileReference section */
		CC2B72762A34D1E90061FEA2 /* WordVault.app */ = {isa = PBXFileReference; explicitFileType = wrapper.application; includeInIndex = 0; path = WordVault.app; sourceTree = BUILT_PRODUCTS_DIR; };
		CC2B72792A34D1E90061FEA2 /* AppDelegate.swift */ = {isa = PBXFileReference; lastKnownFileType = sourcecode.swift; path = AppDelegate.swift; sourceTree = "<group>"; };
		CC2B727D2A34D1E90061FEA2 /* ViewController.swift */ = {isa = PBXFileReference; lastKnownFileType = sourcecode.swift; path = ViewController.swift; sourceTree = "<group>"; };
		CC2B72802A34D1E90061FEA2 /* Base */ = {isa = PBXFileReference; lastKnownFileType = file.storyboard; name = Base; path = Base.lproj/Main.storyboard; sourceTree = "<group>"; };
		CC2B72822A34D1EB0061FEA2 /* Assets.xcassets */ = {isa = PBXFileReference; lastKnownFileType = folder.assetcatalog; path = Assets.xcassets; sourceTree = "<group>"; };
		CC2B72852A34D1EB0061FEA2 /* Base */ = {isa = PBXFileReference; lastKnownFileType = file.storyboard; name = Base; path = Base.lproj/LaunchScreen.storyboard; sourceTree = "<group>"; };
		CC2B72872A34D1EB0061FEA2 /* Info.plist */ = {isa = PBXFileReference; lastKnownFileType = text.plist.xml; path = Info.plist; sourceTree = "<group>"; };
		CC7217ED2A34EA6300CB3CEE /* SettingVC.swift */ = {isa = PBXFileReference; lastKnownFileType = sourcecode.swift; path = SettingVC.swift; sourceTree = "<group>"; };
		CC7217EF2A34EA6B00CB3CEE /* AboutVC.swift */ = {isa = PBXFileReference; lastKnownFileType = sourcecode.swift; path = AboutVC.swift; sourceTree = "<group>"; };
		CC7217F12A34EA9800CB3CEE /* MyDevice.swift */ = {isa = PBXFileReference; lastKnownFileType = sourcecode.swift; path = MyDevice.swift; sourceTree = "<group>"; };
		CC7217F32A34EAA300CB3CEE /* Extension.swift */ = {isa = PBXFileReference; lastKnownFileType = sourcecode.swift; path = Extension.swift; sourceTree = "<group>"; };
		CC88C9ED2A34D3A900A20C72 /* Model.swift */ = {isa = PBXFileReference; lastKnownFileType = sourcecode.swift; path = Model.swift; sourceTree = "<group>"; };
		CC88C9F02A34DA8E00A20C72 /* DataTblCell.swift */ = {isa = PBXFileReference; lastKnownFileType = sourcecode.swift; path = DataTblCell.swift; sourceTree = "<group>"; };
		CC88C9F22A34DC7C00A20C72 /* WordDetailsVC.swift */ = {isa = PBXFileReference; lastKnownFileType = sourcecode.swift; path = WordDetailsVC.swift; sourceTree = "<group>"; };
		CC88C9F42A34E2A300A20C72 /* OnboardingVC.swift */ = {isa = PBXFileReference; lastKnownFileType = sourcecode.swift; path = OnboardingVC.swift; sourceTree = "<group>"; };
		CCF759462A34D2F900155F86 /* dicts.json */ = {isa = PBXFileReference; fileEncoding = 4; lastKnownFileType = text.json; path = dicts.json; sourceTree = "<group>"; };
/* End PBXFileReference section */

/* Begin PBXFrameworksBuildPhase section */
		CC2B72732A34D1E90061FEA2 /* Frameworks */ = {
			isa = PBXFrameworksBuildPhase;
			buildActionMask = 2147483647;
			files = (
			);
			runOnlyForDeploymentPostprocessing = 0;
		};
/* End PBXFrameworksBuildPhase section */

/* Begin PBXGroup section */
		CC2B726D2A34D1E90061FEA2 = {
			isa = PBXGroup;
			children = (
				CC2B72782A34D1E90061FEA2 /* WordVault */,
				CC2B72772A34D1E90061FEA2 /* Products */,
			);
			sourceTree = "<group>";
		};
		CC2B72772A34D1E90061FEA2 /* Products */ = {
			isa = PBXGroup;
			children = (
				CC2B72762A34D1E90061FEA2 /* WordVault.app */,
			);
			name = Products;
			sourceTree = "<group>";
		};
		CC2B72782A34D1E90061FEA2 /* WordVault */ = {
			isa = PBXGroup;
			children = (
				CC88C9EF2A34DA7C00A20C72 /* View */,
				CC88C9EC2A34D3A100A20C72 /* Model */,
				CCF759452A34D2E300155F86 /* Utitlities */,
				CCF759442A34D2D900155F86 /* View controllers */,
				CCF759432A34D2D200155F86 /* Delegates */,
				CC2B727F2A34D1E90061FEA2 /* Main.storyboard */,
				CC2B72822A34D1EB0061FEA2 /* Assets.xcassets */,
				CC2B72842A34D1EB0061FEA2 /* LaunchScreen.storyboard */,
				CC2B72872A34D1EB0061FEA2 /* Info.plist */,
			);
			path = WordVault;
			sourceTree = "<group>";
		};
		CC88C9EC2A34D3A100A20C72 /* Model */ = {
			isa = PBXGroup;
			children = (
				CC88C9ED2A34D3A900A20C72 /* Model.swift */,
			);
			path = Model;
			sourceTree = "<group>";
		};
		CC88C9EF2A34DA7C00A20C72 /* View */ = {
			isa = PBXGroup;
			children = (
				CC88C9F02A34DA8E00A20C72 /* DataTblCell.swift */,
			);
			path = View;
			sourceTree = "<group>";
		};
		CCF759432A34D2D200155F86 /* Delegates */ = {
			isa = PBXGroup;
			children = (
				CC2B72792A34D1E90061FEA2 /* AppDelegate.swift */,
			);
			path = Delegates;
			sourceTree = "<group>";
		};
		CCF759442A34D2D900155F86 /* View controllers */ = {
			isa = PBXGroup;
			children = (
				CC2B727D2A34D1E90061FEA2 /* ViewController.swift */,
				CC88C9F22A34DC7C00A20C72 /* WordDetailsVC.swift */,
				CC88C9F42A34E2A300A20C72 /* OnboardingVC.swift */,
				CC7217ED2A34EA6300CB3CEE /* SettingVC.swift */,
				CC7217EF2A34EA6B00CB3CEE /* AboutVC.swift */,
			);
			path = "View controllers";
			sourceTree = "<group>";
		};
		CCF759452A34D2E300155F86 /* Utitlities */ = {
			isa = PBXGroup;
			children = (
				CCF759462A34D2F900155F86 /* dicts.json */,
				CC7217F12A34EA9800CB3CEE /* MyDevice.swift */,
				CC7217F32A34EAA300CB3CEE /* Extension.swift */,
			);
			path = Utitlities;
			sourceTree = "<group>";
		};
/* End PBXGroup section */

/* Begin PBXNativeTarget section */
		CC2B72752A34D1E90061FEA2 /* WordVault */ = {
			isa = PBXNativeTarget;
			buildConfigurationList = CC2B728A2A34D1EB0061FEA2 /* Build configuration list for PBXNativeTarget "WordVault" */;
			buildPhases = (
				CC2B72722A34D1E90061FEA2 /* Sources */,
				CC2B72732A34D1E90061FEA2 /* Frameworks */,
				CC2B72742A34D1E90061FEA2 /* Resources */,
			);
			buildRules = (
			);
			dependencies = (
			);
			name = WordVault;
			productName = WordVault;
			productReference = CC2B72762A34D1E90061FEA2 /* WordVault.app */;
			productType = "com.apple.product-type.application";
		};
/* End PBXNativeTarget section */

/* Begin PBXProject section */
		CC2B726E2A34D1E90061FEA2 /* Project object */ = {
			isa = PBXProject;
			attributes = {
				BuildIndependentTargetsInParallel = 1;
				LastSwiftUpdateCheck = 1430;
				LastUpgradeCheck = 1430;
				TargetAttributes = {
					CC2B72752A34D1E90061FEA2 = {
						CreatedOnToolsVersion = 14.3.1;
					};
				};
			};
			buildConfigurationList = CC2B72712A34D1E90061FEA2 /* Build configuration list for PBXProject "WordVault" */;
			compatibilityVersion = "Xcode 14.0";
			developmentRegion = en;
			hasScannedForEncodings = 0;
			knownRegions = (
				en,
				Base,
			);
			mainGroup = CC2B726D2A34D1E90061FEA2;
			productRefGroup = CC2B72772A34D1E90061FEA2 /* Products */;
			projectDirPath = "";
			projectRoot = "";
			targets = (
				CC2B72752A34D1E90061FEA2 /* WordVault */,
			);
		};
/* End PBXProject section */

/* Begin PBXResourcesBuildPhase section */
		CC2B72742A34D1E90061FEA2 /* Resources */ = {
			isa = PBXResourcesBuildPhase;
			buildActionMask = 2147483647;
			files = (
				CC2B72862A34D1EB0061FEA2 /* LaunchScreen.storyboard in Resources */,
				CCF759472A34D2F900155F86 /* dicts.json in Resources */,
				CC2B72832A34D1EB0061FEA2 /* Assets.xcassets in Resources */,
				CC2B72812A34D1E90061FEA2 /* Main.storyboard in Resources */,
			);
			runOnlyForDeploymentPostprocessing = 0;
		};
/* End PBXResourcesBuildPhase section */

/* Begin PBXSourcesBuildPhase section */
		CC2B72722A34D1E90061FEA2 /* Sources */ = {
			isa = PBXSourcesBuildPhase;
			buildActionMask = 2147483647;
			files = (
				CC88C9F12A34DA8E00A20C72 /* DataTblCell.swift in Sources */,
				CC7217EE2A34EA6300CB3CEE /* SettingVC.swift in Sources */,
				CC88C9F52A34E2A300A20C72 /* OnboardingVC.swift in Sources */,
				CC88C9EE2A34D3A900A20C72 /* Model.swift in Sources */,
				CC7217F02A34EA6B00CB3CEE /* AboutVC.swift in Sources */,
				CC7217F42A34EAA300CB3CEE /* Extension.swift in Sources */,
				CC88C9F32A34DC7C00A20C72 /* WordDetailsVC.swift in Sources */,
				CC2B727E2A34D1E90061FEA2 /* ViewController.swift in Sources */,
				CC7217F22A34EA9800CB3CEE /* MyDevice.swift in Sources */,
				CC2B727A2A34D1E90061FEA2 /* AppDelegate.swift in Sources */,
			);
			runOnlyForDeploymentPostprocessing = 0;
		};
/* End PBXSourcesBuildPhase section */

/* Begin PBXVariantGroup section */
		CC2B727F2A34D1E90061FEA2 /* Main.storyboard */ = {
			isa = PBXVariantGroup;
			children = (
				CC2B72802A34D1E90061FEA2 /* Base */,
			);
			name = Main.storyboard;
			sourceTree = "<group>";
		};
		CC2B72842A34D1EB0061FEA2 /* LaunchScreen.storyboard */ = {
			isa = PBXVariantGroup;
			children = (
				CC2B72852A34D1EB0061FEA2 /* Base */,
			);
			name = LaunchScreen.storyboard;
			sourceTree = "<group>";
		};
/* End PBXVariantGroup section */

/* Begin XCBuildConfiguration section */
		CC2B72882A34D1EB0061FEA2 /* Debug */ = {
			isa = XCBuildConfiguration;
			buildSettings = {
				ALWAYS_SEARCH_USER_PATHS = NO;
				CLANG_ANALYZER_NONNULL = YES;
				CLANG_ANALYZER_NUMBER_OBJECT_CONVERSION = YES_AGGRESSIVE;
				CLANG_CXX_LANGUAGE_STANDARD = "gnu++20";
				CLANG_ENABLE_MODULES = YES;
				CLANG_ENABLE_OBJC_ARC = YES;
				CLANG_ENABLE_OBJC_WEAK = YES;
				CLANG_WARN_BLOCK_CAPTURE_AUTORELEASING = YES;
				CLANG_WARN_BOOL_CONVERSION = YES;
				CLANG_WARN_COMMA = YES;
				CLANG_WARN_CONSTANT_CONVERSION = YES;
				CLANG_WARN_DEPRECATED_OBJC_IMPLEMENTATIONS = YES;
				CLANG_WARN_DIRECT_OBJC_ISA_USAGE = YES_ERROR;
				CLANG_WARN_DOCUMENTATION_COMMENTS = YES;
				CLANG_WARN_EMPTY_BODY = YES;
				CLANG_WARN_ENUM_CONVERSION = YES;
				CLANG_WARN_INFINITE_RECURSION = YES;
				CLANG_WARN_INT_CONVERSION = YES;
				CLANG_WARN_NON_LITERAL_NULL_CONVERSION = YES;
				CLANG_WARN_OBJC_IMPLICIT_RETAIN_SELF = YES;
				CLANG_WARN_OBJC_LITERAL_CONVERSION = YES;
				CLANG_WARN_OBJC_ROOT_CLASS = YES_ERROR;
				CLANG_WARN_QUOTED_INCLUDE_IN_FRAMEWORK_HEADER = YES;
				CLANG_WARN_RANGE_LOOP_ANALYSIS = YES;
				CLANG_WARN_STRICT_PROTOTYPES = YES;
				CLANG_WARN_SUSPICIOUS_MOVE = YES;
				CLANG_WARN_UNGUARDED_AVAILABILITY = YES_AGGRESSIVE;
				CLANG_WARN_UNREACHABLE_CODE = YES;
				CLANG_WARN__DUPLICATE_METHOD_MATCH = YES;
				COPY_PHASE_STRIP = NO;
				DEBUG_INFORMATION_FORMAT = dwarf;
				ENABLE_STRICT_OBJC_MSGSEND = YES;
				ENABLE_TESTABILITY = YES;
				GCC_C_LANGUAGE_STANDARD = gnu11;
				GCC_DYNAMIC_NO_PIC = NO;
				GCC_NO_COMMON_BLOCKS = YES;
				GCC_OPTIMIZATION_LEVEL = 0;
				GCC_PREPROCESSOR_DEFINITIONS = (
					"DEBUG=1",
					"$(inherited)",
				);
				GCC_WARN_64_TO_32_BIT_CONVERSION = YES;
				GCC_WARN_ABOUT_RETURN_TYPE = YES_ERROR;
				GCC_WARN_UNDECLARED_SELECTOR = YES;
				GCC_WARN_UNINITIALIZED_AUTOS = YES_AGGRESSIVE;
				GCC_WARN_UNUSED_FUNCTION = YES;
				GCC_WARN_UNUSED_VARIABLE = YES;
				IPHONEOS_DEPLOYMENT_TARGET = 11.0;
				MTL_ENABLE_DEBUG_INFO = INCLUDE_SOURCE;
				MTL_FAST_MATH = YES;
				ONLY_ACTIVE_ARCH = YES;
				SDKROOT = iphoneos;
				SWIFT_ACTIVE_COMPILATION_CONDITIONS = DEBUG;
				SWIFT_OPTIMIZATION_LEVEL = "-Onone";
			};
			name = Debug;
		};
		CC2B72892A34D1EB0061FEA2 /* Release */ = {
			isa = XCBuildConfiguration;
			buildSettings = {
				ALWAYS_SEARCH_USER_PATHS = NO;
				CLANG_ANALYZER_NONNULL = YES;
				CLANG_ANALYZER_NUMBER_OBJECT_CONVERSION = YES_AGGRESSIVE;
				CLANG_CXX_LANGUAGE_STANDARD = "gnu++20";
				CLANG_ENABLE_MODULES = YES;
				CLANG_ENABLE_OBJC_ARC = YES;
				CLANG_ENABLE_OBJC_WEAK = YES;
				CLANG_WARN_BLOCK_CAPTURE_AUTORELEASING = YES;
				CLANG_WARN_BOOL_CONVERSION = YES;
				CLANG_WARN_COMMA = YES;
				CLANG_WARN_CONSTANT_CONVERSION = YES;
				CLANG_WARN_DEPRECATED_OBJC_IMPLEMENTATIONS = YES;
				CLANG_WARN_DIRECT_OBJC_ISA_USAGE = YES_ERROR;
				CLANG_WARN_DOCUMENTATION_COMMENTS = YES;
				CLANG_WARN_EMPTY_BODY = YES;
				CLANG_WARN_ENUM_CONVERSION = YES;
				CLANG_WARN_INFINITE_RECURSION = YES;
				CLANG_WARN_INT_CONVERSION = YES;
				CLANG_WARN_NON_LITERAL_NULL_CONVERSION = YES;
				CLANG_WARN_OBJC_IMPLICIT_RETAIN_SELF = YES;
				CLANG_WARN_OBJC_LITERAL_CONVERSION = YES;
				CLANG_WARN_OBJC_ROOT_CLASS = YES_ERROR;
				CLANG_WARN_QUOTED_INCLUDE_IN_FRAMEWORK_HEADER = YES;
				CLANG_WARN_RANGE_LOOP_ANALYSIS = YES;
				CLANG_WARN_STRICT_PROTOTYPES = YES;
				CLANG_WARN_SUSPICIOUS_MOVE = YES;
				CLANG_WARN_UNGUARDED_AVAILABILITY = YES_AGGRESSIVE;
				CLANG_WARN_UNREACHABLE_CODE = YES;
				CLANG_WARN__DUPLICATE_METHOD_MATCH = YES;
				COPY_PHASE_STRIP = NO;
				DEBUG_INFORMATION_FORMAT = "dwarf-with-dsym";
				ENABLE_NS_ASSERTIONS = NO;
				ENABLE_STRICT_OBJC_MSGSEND = YES;
				GCC_C_LANGUAGE_STANDARD = gnu11;
				GCC_NO_COMMON_BLOCKS = YES;
				GCC_WARN_64_TO_32_BIT_CONVERSION = YES;
				GCC_WARN_ABOUT_RETURN_TYPE = YES_ERROR;
				GCC_WARN_UNDECLARED_SELECTOR = YES;
				GCC_WARN_UNINITIALIZED_AUTOS = YES_AGGRESSIVE;
				GCC_WARN_UNUSED_FUNCTION = YES;
				GCC_WARN_UNUSED_VARIABLE = YES;
				IPHONEOS_DEPLOYMENT_TARGET = 11.0;
				MTL_ENABLE_DEBUG_INFO = NO;
				MTL_FAST_MATH = YES;
				SDKROOT = iphoneos;
				SWIFT_COMPILATION_MODE = wholemodule;
				SWIFT_OPTIMIZATION_LEVEL = "-O";
				VALIDATE_PRODUCT = YES;
			};
			name = Release;
		};
		CC2B728B2A34D1EB0061FEA2 /* Debug */ = {
			isa = XCBuildConfiguration;
			buildSettings = {
				ASSETCATALOG_COMPILER_APPICON_NAME = AppIcon;
				ASSETCATALOG_COMPILER_GLOBAL_ACCENT_COLOR_NAME = AccentColor;
				ASSETCATALOG_COMPILER_INCLUDE_ALL_APPICON_ASSETS = YES;
				CODE_SIGN_STYLE = Automatic;
				CURRENT_PROJECT_VERSION = 1;
				GENERATE_INFOPLIST_FILE = YES;
				INFOPLIST_FILE = WordVault/Info.plist;
				INFOPLIST_KEY_CFBundleDisplayName = WordVault;
				INFOPLIST_KEY_UIApplicationSupportsIndirectInputEvents = YES;
				INFOPLIST_KEY_UILaunchStoryboardName = LaunchScreen;
				INFOPLIST_KEY_UIMainStoryboardFile = Main;
				INFOPLIST_KEY_UISupportedInterfaceOrientations = UIInterfaceOrientationPortrait;
				INFOPLIST_KEY_UISupportedInterfaceOrientations_iPad = "UIInterfaceOrientationLandscapeLeft UIInterfaceOrientationLandscapeRight UIInterfaceOrientationPortrait UIInterfaceOrientationPortraitUpsideDown";
				LD_RUNPATH_SEARCH_PATHS = (
					"$(inherited)",
					"@executable_path/Frameworks",
				);
				MARKETING_VERSION = 1.0;
				PRODUCT_BUNDLE_IDENTIFIER = Mac.WordVault;
				PRODUCT_NAME = "$(TARGET_NAME)";
				SUPPORTED_PLATFORMS = "iphoneos iphonesimulator";
				SUPPORTS_MACCATALYST = NO;
				SUPPORTS_MAC_DESIGNED_FOR_IPHONE_IPAD = NO;
				SWIFT_EMIT_LOC_STRINGS = YES;
				SWIFT_VERSION = 5.0;
				TARGETED_DEVICE_FAMILY = 1;
			};
			name = Debug;
		};
		CC2B728C2A34D1EB0061FEA2 /* Release */ = {
			isa = XCBuildConfiguration;
			buildSettings = {
				ASSETCATALOG_COMPILER_APPICON_NAME = AppIcon;
				ASSETCATALOG_COMPILER_GLOBAL_ACCENT_COLOR_NAME = AccentColor;
				ASSETCATALOG_COMPILER_INCLUDE_ALL_APPICON_ASSETS = YES;
				CODE_SIGN_STYLE = Automatic;
				CURRENT_PROJECT_VERSION = 1;
				GENERATE_INFOPLIST_FILE = YES;
				INFOPLIST_FILE = WordVault/Info.plist;
				INFOPLIST_KEY_CFBundleDisplayName = WordVault;
				INFOPLIST_KEY_UIApplicationSupportsIndirectInputEvents = YES;
				INFOPLIST_KEY_UILaunchStoryboardName = LaunchScreen;
				INFOPLIST_KEY_UIMainStoryboardFile = Main;
				INFOPLIST_KEY_UISupportedInterfaceOrientations = UIInterfaceOrientationPortrait;
				INFOPLIST_KEY_UISupportedInterfaceOrientations_iPad = "UIInterfaceOrientationLandscapeLeft UIInterfaceOrientationLandscapeRight UIInterfaceOrientationPortrait UIInterfaceOrientationPortraitUpsideDown";
				LD_RUNPATH_SEARCH_PATHS = (
					"$(inherited)",
					"@executable_path/Frameworks",
				);
				MARKETING_VERSION = 1.0;
				PRODUCT_BUNDLE_IDENTIFIER = Mac.WordVault;
				PRODUCT_NAME = "$(TARGET_NAME)";
				SUPPORTED_PLATFORMS = "iphoneos iphonesimulator";
				SUPPORTS_MACCATALYST = NO;
				SUPPORTS_MAC_DESIGNED_FOR_IPHONE_IPAD = NO;
				SWIFT_EMIT_LOC_STRINGS = YES;
				SWIFT_VERSION = 5.0;
				TARGETED_DEVICE_FAMILY = 1;
			};
			name = Release;
		};
/* End XCBuildConfiguration section */

/* Begin XCConfigurationList section */
		CC2B72712A34D1E90061FEA2 /* Build configuration list for PBXProject "WordVault" */ = {
			isa = XCConfigurationList;
			buildConfigurations = (
				CC2B72882A34D1EB0061FEA2 /* Debug */,
				CC2B72892A34D1EB0061FEA2 /* Release */,
			);
			defaultConfigurationIsVisible = 0;
			defaultConfigurationName = Release;
		};
		CC2B728A2A34D1EB0061FEA2 /* Build configuration list for PBXNativeTarget "WordVault" */ = {
			isa = XCConfigurationList;
			buildConfigurations = (
				CC2B728B2A34D1EB0061FEA2 /* Debug */,
				CC2B728C2A34D1EB0061FEA2 /* Release */,
			);
			defaultConfigurationIsVisible = 0;
			defaultConfigurationName = Release;
		};
/* End XCConfigurationList section */
	};
	rootObject = CC2B726E2A34D1E90061FEA2 /* Project object */;
}
